
Microsoft Visual Studio Solution File, Format Version 12.00
# Visual Studio Version 16
VisualStudioVersion = 16.0.31624.102
MinimumVisualStudioVersion = 10.0.40219.1
Project("{FAE04EC0-301F-11D3-BF4B-00C04F79EFBC}") = "Entidades", "Entidades\Entidades.csproj", "{ADDD44EE-D886-4B65-A7F4-F5736E5ADF32}"
EndProject
Project("{FAE04EC0-301F-11D3-BF4B-00C04F79EFBC}") = "MiCalculadora", "MiCalculadora\MiCalculadora.csproj", "{FC25A726-E98F-430C-BE04-B4B6FF0A3285}"
EndProject
Global
	GlobalSection(SolutionConfigurationPlatforms) = preSolution
		Debug|Any CPU = Debug|Any CPU
		Release|Any CPU = Release|Any CPU
	EndGlobalSection
	GlobalSection(ProjectConfigurationPlatforms) = postSolution
		{ADDD44EE-D886-4B65-A7F4-F5736E5ADF32}.Debug|Any CPU.ActiveCfg = Debug|Any CPU
		{ADDD44EE-D886-4B65-A7F4-F5736E5ADF32}.Debug|Any CPU.Build.0 = Debug|Any CPU
		{ADDD44EE-D886-4B65-A7F4-F5736E5ADF32}.Release|Any CPU.ActiveCfg = Release|Any CPU
		{ADDD44EE-D886-4B65-A7F4-F5736E5ADF32}.Release|Any CPU.Build.0 = Release|Any CPU
		{FC25A726-E98F-430C-BE04-B4B6FF0A3285}.Debug|Any CPU.ActiveCfg = Debug|Any CPU
		{FC25A726-E98F-430C-BE04-B4B6FF0A3285}.Debug|Any CPU.Build.0 = Debug|Any CPU
		{FC25A726-E98F-430C-BE04-B4B6FF0A3285}.Release|Any CPU.ActiveCfg = Release|Any CPU
		{FC25A726-E98F-430C-BE04-B4B6FF0A3285}.Release|Any CPU.Build.0 = Release|Any CPU
	EndGlobalSection
	GlobalSection(SolutionProperties) = preSolution
		HideSolutionNode = FALSE
	EndGlobalSection
	GlobalSection(ExtensibilityGlobals) = postSolution
		SolutionGuid = {C1F87E12-C85D-4880-AB05-5369E8F89B17}
	EndGlobalSection
EndGlobal
